<Project xmlns="http://schemas.microsoft.com/developer/msbuild/2003">
    <PropertyGroup>
        <ProjectGuid>{6E22397B-AA4C-4AD3-AA92-7D61C3E8FBD4}</ProjectGuid>
        <ProjectVersion>16.0</ProjectVersion>
        <Config Condition="'$(Config)'==''">FIREBIRD_UIB_STRATEGY</Config>
        <DCC_DCCCompiler>DCC32</DCC_DCCCompiler>
        <MainSource>DORM_UnitTests_XE7.dpr</MainSource>
        <Base>True</Base>
        <AppType>Application</AppType>
        <FrameworkType>VCL</FrameworkType>
        <Platform Condition="'$(Platform)'==''">Win32</Platform>
        <TargetedPlatforms>3</TargetedPlatforms>
    </PropertyGroup>
    <PropertyGroup Condition="'$(Config)'=='Base' or '$(Base)'!=''">
        <Base>true</Base>
    </PropertyGroup>
    <PropertyGroup Condition="('$(Platform)'=='Win32' and '$(Base)'=='true') or '$(Base_Win32)'!=''">
        <Base_Win32>true</Base_Win32>
        <CfgParent>Base</CfgParent>
        <Base>true</Base>
    </PropertyGroup>
    <PropertyGroup Condition="('$(Platform)'=='Win64' and '$(Base)'=='true') or '$(Base_Win64)'!=''">
        <Base_Win64>true</Base_Win64>
        <CfgParent>Base</CfgParent>
        <Base>true</Base>
    </PropertyGroup>
    <PropertyGroup Condition="'$(Config)'=='SQLITE3_STRATEGY' or '$(Cfg_1)'!=''">
        <Cfg_1>true</Cfg_1>
        <CfgParent>Base</CfgParent>
        <Base>true</Base>
    </PropertyGroup>
    <PropertyGroup Condition="('$(Platform)'=='Win32' and '$(Cfg_1)'=='true') or '$(Cfg_1_Win32)'!=''">
        <Cfg_1_Win32>true</Cfg_1_Win32>
        <CfgParent>Cfg_1</CfgParent>
        <Cfg_1>true</Cfg_1>
        <Base>true</Base>
    </PropertyGroup>
    <PropertyGroup Condition="('$(Platform)'=='Win64' and '$(Cfg_1)'=='true') or '$(Cfg_1_Win64)'!=''">
        <Cfg_1_Win64>true</Cfg_1_Win64>
        <CfgParent>Cfg_1</CfgParent>
        <Cfg_1>true</Cfg_1>
        <Base>true</Base>
    </PropertyGroup>
    <PropertyGroup Condition="'$(Config)'=='CI_SQLITE3' or '$(Cfg_3)'!=''">
        <Cfg_3>true</Cfg_3>
        <CfgParent>Cfg_1</CfgParent>
        <Cfg_1>true</Cfg_1>
        <Base>true</Base>
    </PropertyGroup>
    <PropertyGroup Condition="('$(Platform)'=='Win32' and '$(Cfg_3)'=='true') or '$(Cfg_3_Win32)'!=''">
        <Cfg_3_Win32>true</Cfg_3_Win32>
        <CfgParent>Cfg_3</CfgParent>
        <Cfg_3>true</Cfg_3>
        <Cfg_1>true</Cfg_1>
        <Base>true</Base>
    </PropertyGroup>
    <PropertyGroup Condition="('$(Platform)'=='Win64' and '$(Cfg_3)'=='true') or '$(Cfg_3_Win64)'!=''">
        <Cfg_3_Win64>true</Cfg_3_Win64>
        <CfgParent>Cfg_3</CfgParent>
        <Cfg_3>true</Cfg_3>
        <Cfg_1>true</Cfg_1>
        <Base>true</Base>
    </PropertyGroup>
    <PropertyGroup Condition="'$(Config)'=='FIREBIRD_UIB_STRATEGY' or '$(Cfg_2)'!=''">
        <Cfg_2>true</Cfg_2>
        <CfgParent>Base</CfgParent>
        <Base>true</Base>
    </PropertyGroup>
    <PropertyGroup Condition="('$(Platform)'=='Win32' and '$(Cfg_2)'=='true') or '$(Cfg_2_Win32)'!=''">
        <Cfg_2_Win32>true</Cfg_2_Win32>
        <CfgParent>Cfg_2</CfgParent>
        <Cfg_2>true</Cfg_2>
        <Base>true</Base>
    </PropertyGroup>
    <PropertyGroup Condition="('$(Platform)'=='Win64' and '$(Cfg_2)'=='true') or '$(Cfg_2_Win64)'!=''">
        <Cfg_2_Win64>true</Cfg_2_Win64>
        <CfgParent>Cfg_2</CfgParent>
        <Cfg_2>true</Cfg_2>
        <Base>true</Base>
    </PropertyGroup>
    <PropertyGroup Condition="'$(Config)'=='FIREBIRD_CI' or '$(Cfg_4)'!=''">
        <Cfg_4>true</Cfg_4>
        <CfgParent>Cfg_2</CfgParent>
        <Cfg_2>true</Cfg_2>
        <Base>true</Base>
    </PropertyGroup>
    <PropertyGroup Condition="('$(Platform)'=='Win32' and '$(Cfg_4)'=='true') or '$(Cfg_4_Win32)'!=''">
        <Cfg_4_Win32>true</Cfg_4_Win32>
        <CfgParent>Cfg_4</CfgParent>
        <Cfg_4>true</Cfg_4>
        <Cfg_2>true</Cfg_2>
        <Base>true</Base>
    </PropertyGroup>
    <PropertyGroup Condition="('$(Platform)'=='Win64' and '$(Cfg_4)'=='true') or '$(Cfg_4_Win64)'!=''">
        <Cfg_4_Win64>true</Cfg_4_Win64>
        <CfgParent>Cfg_4</CfgParent>
        <Cfg_4>true</Cfg_4>
        <Cfg_2>true</Cfg_2>
        <Base>true</Base>
    </PropertyGroup>
    <PropertyGroup Condition="'$(Config)'=='INTERBASE_UIB_STRATEGY' or '$(Cfg_7)'!=''">
        <Cfg_7>true</Cfg_7>
        <CfgParent>Base</CfgParent>
        <Base>true</Base>
    </PropertyGroup>
    <PropertyGroup Condition="('$(Platform)'=='Win32' and '$(Cfg_7)'=='true') or '$(Cfg_7_Win32)'!=''">
        <Cfg_7_Win32>true</Cfg_7_Win32>
        <CfgParent>Cfg_7</CfgParent>
        <Cfg_7>true</Cfg_7>
        <Base>true</Base>
    </PropertyGroup>
    <PropertyGroup Condition="('$(Platform)'=='Win64' and '$(Cfg_7)'=='true') or '$(Cfg_7_Win64)'!=''">
        <Cfg_7_Win64>true</Cfg_7_Win64>
        <CfgParent>Cfg_7</CfgParent>
        <Cfg_7>true</Cfg_7>
        <Base>true</Base>
    </PropertyGroup>
    <PropertyGroup Condition="'$(Config)'=='SQLSERVER_FIREDAC_STRATEGY' or '$(Cfg_5)'!=''">
        <Cfg_5>true</Cfg_5>
        <CfgParent>Base</CfgParent>
        <Base>true</Base>
    </PropertyGroup>
    <PropertyGroup Condition="('$(Platform)'=='Win32' and '$(Cfg_5)'=='true') or '$(Cfg_5_Win32)'!=''">
        <Cfg_5_Win32>true</Cfg_5_Win32>
        <CfgParent>Cfg_5</CfgParent>
        <Cfg_5>true</Cfg_5>
        <Base>true</Base>
    </PropertyGroup>
    <PropertyGroup Condition="('$(Platform)'=='Win64' and '$(Cfg_5)'=='true') or '$(Cfg_5_Win64)'!=''">
        <Cfg_5_Win64>true</Cfg_5_Win64>
        <CfgParent>Cfg_5</CfgParent>
        <Cfg_5>true</Cfg_5>
        <Base>true</Base>
    </PropertyGroup>
    <PropertyGroup Condition="'$(Base)'!=''">
        <SanitizedProjectName>DORM_UnitTests_XE7</SanitizedProjectName>
        <Manifest_File>None</Manifest_File>
        <VerInfo_Locale>1040</VerInfo_Locale>
        <DCC_Namespace>Vcl;Vcl.Imaging;Vcl.Touch;Vcl.Samples;Vcl.Shell;System;Xml;Data;Datasnap;Web;Soap;$(DCC_Namespace)</DCC_Namespace>
        <VerInfo_Keys>CompanyName=;FileDescription=;FileVersion=1.0.0.0;InternalName=;LegalCopyright=;LegalTrademarks=;OriginalFilename=;ProductName=;ProductVersion=1.0.0.0;Comments=</VerInfo_Keys>
        <DCC_DebugDCUs>true</DCC_DebugDCUs>
        <DCC_UnitSearchPath>$(BDS)\Source\DUnit\src;..\lib\fastmm;..\lib\sqlitewrap\source;..\lib\uib\source;..\source;$(DCC_UnitSearchPath)</DCC_UnitSearchPath>
        <DCC_DependencyCheckOutputName>DORM_UnitTests.exe</DCC_DependencyCheckOutputName>
        <DCC_ImageBase>00400000</DCC_ImageBase>
        <DCC_Optimize>false</DCC_Optimize>
        <DCC_Platform>x86</DCC_Platform>
        <DCC_Define>_CONSOLE_TESTRUNNER;$(DCC_Define)</DCC_Define>
        <DCC_K>false</DCC_K>
        <DCC_N>false</DCC_N>
        <DCC_S>false</DCC_S>
        <DCC_F>false</DCC_F>
        <DCC_MapFile>3</DCC_MapFile>
        <DCC_DcuOutput>.\dcu</DCC_DcuOutput>
        <DCC_E>false</DCC_E>
    </PropertyGroup>
    <PropertyGroup Condition="'$(Base_Win32)'!=''">
        <VerInfo_IncludeVerInfo>true</VerInfo_IncludeVerInfo>
        <DCC_Namespace>Winapi;System.Win;Data.Win;Datasnap.Win;Web.Win;Soap.Win;Xml.Win;Bde;$(DCC_Namespace)</DCC_Namespace>
        <VerInfo_Locale>1033</VerInfo_Locale>
        <Manifest_File>$(BDS)\bin\default_app.manifest</Manifest_File>
    </PropertyGroup>
    <PropertyGroup Condition="'$(Base_Win64)'!=''">
        <VerInfo_IncludeVerInfo>true</VerInfo_IncludeVerInfo>
        <DCC_Namespace>Winapi;System.Win;Data.Win;Datasnap.Win;Web.Win;Soap.Win;Xml.Win;$(DCC_Namespace)</DCC_Namespace>
        <VerInfo_Locale>1033</VerInfo_Locale>
        <Manifest_File>$(BDS)\bin\default_app.manifest</Manifest_File>
    </PropertyGroup>
    <PropertyGroup Condition="'$(Cfg_1)'!=''">
        <DCC_Define>SQLITE3_STRATEGY;$(DCC_Define)</DCC_Define>
    </PropertyGroup>
    <PropertyGroup Condition="'$(Cfg_1_Win32)'!=''">
        <DCC_GenerateStackFrames>true</DCC_GenerateStackFrames>
        <DCC_DebugInfoInExe>true</DCC_DebugInfoInExe>
        <VerInfo_IncludeVerInfo>true</VerInfo_IncludeVerInfo>
        <DCC_Define>DEBUG;$(DCC_Define)</DCC_Define>
        <VerInfo_Locale>1033</VerInfo_Locale>
        <Manifest_File>$(BDS)\bin\default_app.manifest</Manifest_File>
    </PropertyGroup>
    <PropertyGroup Condition="'$(Cfg_1_Win64)'!=''">
        <Manifest_File>$(BDS)\bin\default_app.manifest</Manifest_File>
    </PropertyGroup>
    <PropertyGroup Condition="'$(Cfg_3_Win32)'!=''">
        <Manifest_File>$(BDS)\bin\default_app.manifest</Manifest_File>
        <VerInfo_IncludeVerInfo>true</VerInfo_IncludeVerInfo>
        <DCC_Define>CONSOLE_TESTRUNNER;$(DCC_Define)</DCC_Define>
        <VerInfo_Locale>1033</VerInfo_Locale>
    </PropertyGroup>
    <PropertyGroup Condition="'$(Cfg_3_Win64)'!=''">
        <Manifest_File>$(BDS)\bin\default_app.manifest</Manifest_File>
    </PropertyGroup>
    <PropertyGroup Condition="'$(Cfg_2_Win32)'!=''">
        <ILINK_FullDebugInfo>true</ILINK_FullDebugInfo>
        <BCC_DebugLineNumbers>true</BCC_DebugLineNumbers>
        <BCC_SourceDebuggingOn>true</BCC_SourceDebuggingOn>
        <DCC_DebugInfoInExe>true</DCC_DebugInfoInExe>
        <DCC_GenerateStackFrames>true</DCC_GenerateStackFrames>
        <VerInfo_IncludeVerInfo>true</VerInfo_IncludeVerInfo>
        <DCC_Define>FIREBIRD_UIB_STRATEGY;$(DCC_Define)</DCC_Define>
        <VerInfo_Locale>1033</VerInfo_Locale>
        <Manifest_File>$(BDS)\bin\default_app.manifest</Manifest_File>
    </PropertyGroup>
    <PropertyGroup Condition="'$(Cfg_2_Win64)'!=''">
        <Manifest_File>$(BDS)\bin\default_app.manifest</Manifest_File>
    </PropertyGroup>
    <PropertyGroup Condition="'$(Cfg_4_Win32)'!=''">
        <Manifest_File>$(BDS)\bin\default_app.manifest</Manifest_File>
        <DCC_Define>CONSOLE_TESTRUNNER;FIREBIRD_CI;$(DCC_Define)</DCC_Define>
        <VerInfo_Locale>1033</VerInfo_Locale>
        <VerInfo_IncludeVerInfo>true</VerInfo_IncludeVerInfo>
    </PropertyGroup>
    <PropertyGroup Condition="'$(Cfg_4_Win64)'!=''">
        <Manifest_File>$(BDS)\bin\default_app.manifest</Manifest_File>
    </PropertyGroup>
    <PropertyGroup Condition="'$(Cfg_7_Win32)'!=''">
        <VerInfo_IncludeVerInfo>true</VerInfo_IncludeVerInfo>
        <DCC_Define>INTERBASE_UIB_STRATEGY;$(DCC_Define)</DCC_Define>
        <VerInfo_Locale>1033</VerInfo_Locale>
        <Manifest_File>$(BDS)\bin\default_app.manifest</Manifest_File>
    </PropertyGroup>
    <PropertyGroup Condition="'$(Cfg_7_Win64)'!=''">
        <Manifest_File>$(BDS)\bin\default_app.manifest</Manifest_File>
    </PropertyGroup>
    <PropertyGroup Condition="'$(Cfg_5_Win32)'!=''">
        <Manifest_File>$(BDS)\bin\default_app.manifest</Manifest_File>
        <VerInfo_IncludeVerInfo>true</VerInfo_IncludeVerInfo>
        <DCC_Define>SQLSERVER_FIREDAC_STRATEGY;$(DCC_Define)</DCC_Define>
        <VerInfo_Locale>1033</VerInfo_Locale>
    </PropertyGroup>
    <PropertyGroup Condition="'$(Cfg_5_Win64)'!=''">
        <Manifest_File>$(BDS)\bin\default_app.manifest</Manifest_File>
    </PropertyGroup>
    <ItemGroup>
        <DelphiCompile Include="$(MainSource)">
            <MainSource>MainSource</MainSource>
        </DelphiCompile>
        <DCCReference Include="TestDORM.pas"/>
        <DCCReference Include="TestDORMSearchCriteria.pas"/>
        <DCCReference Include="TestDORMSpeed.pas"/>
        <DCCReference Include="TestDORMRelations.pas"/>
        <DCCReference Include="..\source\dorm.Collections.pas"/>
        <DCCReference Include="..\source\dorm.Commons.pas"/>
        <DCCReference Include="..\source\dorm.Core.IdentityMap.pas"/>
        <DCCReference Include="..\source\dorm.pas"/>
        <DCCReference Include="..\source\dorm.UOW.pas"/>
        <DCCReference Include="..\source\dorm.Utils.pas"/>
        <DCCReference Include="..\source\dorm.utils.Sequences.pas"/>
        <DCCReference Include="dorm.tests.bo.pas"/>
        <DCCReference Include="BaseTestCase.pas"/>
        <DCCReference Include="FindersTests.pas"/>
        <DCCReference Include="FrameworkTests.pas"/>
        <DCCReference Include="..\source\dorm.Finders.pas"/>
        <DCCReference Include="..\source\dorm.Filters.pas"/>
        <DCCReference Include="..\source\dorm.Mappings.pas"/>
        <DCCReference Include="..\source\dorm.Mappings.Strategies.pas"/>
        <DCCReference Include="..\source\dorm.loggers.pas"/>
        <DCCReference Include="..\source\dorm.loggers.FileLog.pas"/>
        <DCCReference Include="..\source\dorm.adapters.pas"/>
        <DCCReference Include="TestDORMMapping.Merge.pas"/>
        <DCCReference Include="TestDORMMapping.Attributes.pas"/>
        <DCCReference Include="TestDORMMapping.CoC.pas"/>
        <DCCReference Include="TestDORMMapping.FileJSON.pas"/>
        <DCCReference Include="..\source\dorm.adapter.Base.pas"/>
        <DCCReference Include="TestDORMDuckTyping.pas"/>
        <DCCReference Include="dorm.tests.objstatus.bo.pas"/>
        <DCCReference Include="TestDORMObjStatus.pas"/>
        <DCCReference Include="..\source\dorm.Query.pas"/>
        <DCCReference Include="TestDORMObjVersion.pas"/>
        <DCCReference Include="..\source\dorm.loggers.CodeSite.pas"/>
        <None Include="..\source\dorm.INC"/>
        <None Include="ModelSupport_DORM_UnitTests_XE7\default.txvpck"/>
        <BuildConfiguration Include="FIREBIRD_CI">
            <Key>Cfg_4</Key>
            <CfgParent>Cfg_2</CfgParent>
        </BuildConfiguration>
        <BuildConfiguration Include="SQLSERVER_FIREDAC_STRATEGY">
            <Key>Cfg_5</Key>
            <CfgParent>Base</CfgParent>
        </BuildConfiguration>
        <BuildConfiguration Include="INTERBASE_UIB_STRATEGY">
            <Key>Cfg_7</Key>
            <CfgParent>Base</CfgParent>
        </BuildConfiguration>
        <BuildConfiguration Include="Base">
            <Key>Base</Key>
        </BuildConfiguration>
        <BuildConfiguration Include="FIREBIRD_UIB_STRATEGY">
            <Key>Cfg_2</Key>
            <CfgParent>Base</CfgParent>
        </BuildConfiguration>
        <BuildConfiguration Include="CI_SQLITE3">
            <Key>Cfg_3</Key>
            <CfgParent>Cfg_1</CfgParent>
        </BuildConfiguration>
        <BuildConfiguration Include="SQLITE3_STRATEGY">
            <Key>Cfg_1</Key>
            <CfgParent>Base</CfgParent>
        </BuildConfiguration>
    </ItemGroup>
    <Import Condition="Exists('$(BDS)\Bin\CodeGear.Delphi.Targets')" Project="$(BDS)\Bin\CodeGear.Delphi.Targets"/>
    <Import Condition="Exists('$(APPDATA)\Embarcadero\$(BDSAPPDATABASEDIR)\$(PRODUCTVERSION)\UserTools.proj')" Project="$(APPDATA)\Embarcadero\$(BDSAPPDATABASEDIR)\$(PRODUCTVERSION)\UserTools.proj"/>
    <ProjectExtensions>
        <Borland.Personality>Delphi.Personality.12</Borland.Personality>
        <Borland.ProjectType/>
        <BorlandProject>
            <Delphi.Personality>
                <Parameters/>
                <VersionInfo>
                    <VersionInfo Name="IncludeVerInfo">False</VersionInfo>
                    <VersionInfo Name="AutoIncBuild">False</VersionInfo>
                    <VersionInfo Name="MajorVer">1</VersionInfo>
                    <VersionInfo Name="MinorVer">0</VersionInfo>
                    <VersionInfo Name="Release">0</VersionInfo>
                    <VersionInfo Name="Build">0</VersionInfo>
                    <VersionInfo Name="Debug">False</VersionInfo>
                    <VersionInfo Name="PreRelease">False</VersionInfo>
                    <VersionInfo Name="Special">False</VersionInfo>
                    <VersionInfo Name="Private">False</VersionInfo>
                    <VersionInfo Name="DLL">False</VersionInfo>
                    <VersionInfo Name="Locale">1040</VersionInfo>
                    <VersionInfo Name="CodePage">1252</VersionInfo>
                </VersionInfo>
                <VersionInfoKeys>
                    <VersionInfoKeys Name="CompanyName"/>
                    <VersionInfoKeys Name="FileDescription"/>
                    <VersionInfoKeys Name="FileVersion">1.0.0.0</VersionInfoKeys>
                    <VersionInfoKeys Name="InternalName"/>
                    <VersionInfoKeys Name="LegalCopyright"/>
                    <VersionInfoKeys Name="LegalTrademarks"/>
                    <VersionInfoKeys Name="OriginalFilename"/>
                    <VersionInfoKeys Name="ProductName"/>
                    <VersionInfoKeys Name="ProductVersion">1.0.0.0</VersionInfoKeys>
                    <VersionInfoKeys Name="Comments"/>
                </VersionInfoKeys>
                <Source>
                    <Source Name="MainSource">DORM_UnitTests_XE7.dpr</Source>
                </Source>
                <Excluded_Packages>
                    <Excluded_Packages Name="$(BDSBIN)\bcboffice2k190.bpl">Embarcadero C++Builder Office 2000 Servers Package</Excluded_Packages>
                    <Excluded_Packages Name="$(BDSBIN)\bcbofficexp190.bpl">Embarcadero C++Builder Office XP Servers Package</Excluded_Packages>
                    <Excluded_Packages Name="$(BDSBIN)\dcloffice2k190.bpl">Microsoft Office 2000 Sample Automation Server Wrapper Components</Excluded_Packages>
                    <Excluded_Packages Name="$(BDSBIN)\dclofficexp190.bpl">Microsoft Office XP Sample Automation Server Wrapper Components</Excluded_Packages>
                </Excluded_Packages>
            </Delphi.Personality>
            <UnitTesting>
                <TestFramework>DUnit / Delphi Win32</TestFramework>
                <TestRunner>GUI</TestRunner>
                <TestProjectName/>
                <SourceProjectName/>
            </UnitTesting>
            <Platforms>
                <Platform value="Win32">True</Platform>
                <Platform value="Win64">True</Platform>
            </Platforms>
            <ModelSupport>True</ModelSupport>
        </BorlandProject>
        <ProjectFileVersion>12</ProjectFileVersion>
    </ProjectExtensions>
</Project>
